packages:
  - package: dbt-labs/dbt_utils
    version: 1.3.3
  - package: dbt-labs/codegen
    version: 0.14.0
  - package: metaplane/dbt_expectations
    version: 0.10.10
  - package: dbt-labs/audit_helper
    version: 0.13.0
  - package: godatadriven/dbt_date
    version: 0.15.0
sha1_hash: e13703ae9246151d65485c54eb515f75451ed781
